// !$*UTF8*$!
{
	archiveVersion = 1;
	classes = {
	};
	objectVersion = 50;
	objects = {

/* Begin PBXBuildFile section */
		CF2D250A26B974D10096859B /* AppDelegate.swift in Sources */ = {isa = PBXBuildFile; fileRef = CF2D250926B974D10096859B /* AppDelegate.swift */; };
		CF2D250C26B974D10096859B /* SceneDelegate.swift in Sources */ = {isa = PBXBuildFile; fileRef = CF2D250B26B974D10096859B /* SceneDelegate.swift */; };
		CF2D250E26B974D10096859B /* ViewController.swift in Sources */ = {isa = PBXBuildFile; fileRef = CF2D250D26B974D10096859B /* ViewController.swift */; };
		CF2D251126B974D10096859B /* Main.storyboard in Resources */ = {isa = PBXBuildFile; fileRef = CF2D250F26B974D10096859B /* Main.storyboard */; };
		CF2D251326B974D30096859B /* Assets.xcassets in Resources */ = {isa = PBXBuildFile; fileRef = CF2D251226B974D30096859B /* Assets.xcassets */; };
		CF2D251626B974D30096859B /* LaunchScreen.storyboard in Resources */ = {isa = PBXBuildFile; fileRef = CF2D251426B974D30096859B /* LaunchScreen.storyboard */; };
		CF2D251E26B97F000096859B /* DataManager.swift in Sources */ = {isa = PBXBuildFile; fileRef = CF2D251D26B97F000096859B /* DataManager.swift */; };
		CF2D252126BAA2B80096859B /* SearchResultTableViewCell.swift in Sources */ = {isa = PBXBuildFile; fileRef = CF2D251F26BAA2B80096859B /* SearchResultTableViewCell.swift */; };
		CF2D252226BAA2B80096859B /* SearchResultTableViewCell.xib in Resources */ = {isa = PBXBuildFile; fileRef = CF2D252026BAA2B80096859B /* SearchResultTableViewCell.xib */; };
		CF2D252426BAB3BA0096859B /* SuperheroModel.swift in Sources */ = {isa = PBXBuildFile; fileRef = CF2D252326BAB3BA0096859B /* SuperheroModel.swift */; };
/* End PBXBuildFile section */

/* Begin PBXFileReference section */
		CF2D250626B974D10096859B /* Superheroes.app */ = {isa = PBXFileReference; explicitFileType = wrapper.application; includeInIndex = 0; path = Superheroes.app; sourceTree = BUILT_PRODUCTS_DIR; };
		CF2D250926B974D10096859B /* AppDelegate.swift */ = {isa = PBXFileReference; lastKnownFileType = sourcecode.swift; path = AppDelegate.swift; sourceTree = "<group>"; };
		CF2D250B26B974D10096859B /* SceneDelegate.swift */ = {isa = PBXFileReference; lastKnownFileType = sourcecode.swift; path = SceneDelegate.swift; sourceTree = "<group>"; };
		CF2D250D26B974D10096859B /* ViewController.swift */ = {isa = PBXFileReference; lastKnownFileType = sourcecode.swift; path = ViewController.swift; sourceTree = "<group>"; };
		CF2D251026B974D10096859B /* Base */ = {isa = PBXFileReference; lastKnownFileType = file.storyboard; name = Base; path = Base.lproj/Main.storyboard; sourceTree = "<group>"; };
		CF2D251226B974D30096859B /* Assets.xcassets */ = {isa = PBXFileReference; lastKnownFileType = folder.assetcatalog; path = Assets.xcassets; sourceTree = "<group>"; };
		CF2D251526B974D30096859B /* Base */ = {isa = PBXFileReference; lastKnownFileType = file.storyboard; name = Base; path = Base.lproj/LaunchScreen.storyboard; sourceTree = "<group>"; };
		CF2D251726B974D30096859B /* Info.plist */ = {isa = PBXFileReference; lastKnownFileType = text.plist.xml; path = Info.plist; sourceTree = "<group>"; };
		CF2D251D26B97F000096859B /* DataManager.swift */ = {isa = PBXFileReference; lastKnownFileType = sourcecode.swift; path = DataManager.swift; sourceTree = "<group>"; };
		CF2D251F26BAA2B80096859B /* SearchResultTableViewCell.swift */ = {isa = PBXFileReference; lastKnownFileType = sourcecode.swift; path = SearchResultTableViewCell.swift; sourceTree = "<group>"; };
		CF2D252026BAA2B80096859B /* SearchResultTableViewCell.xib */ = {isa = PBXFileReference; lastKnownFileType = file.xib; path = SearchResultTableViewCell.xib; sourceTree = "<group>"; };
		CF2D252326BAB3BA0096859B /* SuperheroModel.swift */ = {isa = PBXFileReference; lastKnownFileType = sourcecode.swift; path = SuperheroModel.swift; sourceTree = "<group>"; };
/* End PBXFileReference section */

/* Begin PBXFrameworksBuildPhase section */
		CF2D250326B974D10096859B /* Frameworks */ = {
			isa = PBXFrameworksBuildPhase;
			buildActionMask = 2147483647;
			files = (
			);
			runOnlyForDeploymentPostprocessing = 0;
		};
/* End PBXFrameworksBuildPhase section */

/* Begin PBXGroup section */
		CF2D24FD26B974D10096859B = {
			isa = PBXGroup;
			children = (
				CF2D250826B974D10096859B /* Superheroes */,
				CF2D250726B974D10096859B /* Products */,
			);
			sourceTree = "<group>";
		};
		CF2D250726B974D10096859B /* Products */ = {
			isa = PBXGroup;
			children = (
				CF2D250626B974D10096859B /* Superheroes.app */,
			);
			name = Products;
			sourceTree = "<group>";
		};
		CF2D250826B974D10096859B /* Superheroes */ = {
			isa = PBXGroup;
			children = (
				CF2D250926B974D10096859B /* AppDelegate.swift */,
				CF2D250B26B974D10096859B /* SceneDelegate.swift */,
				CF66F0A226C2772B0033FCFD /* Models */,
				CF66F0A426C2774F0033FCFD /* Views */,
				CF66F0A326C2773F0033FCFD /* Controllers */,
				CF2D251226B974D30096859B /* Assets.xcassets */,
				CF2D251426B974D30096859B /* LaunchScreen.storyboard */,
				CF2D251726B974D30096859B /* Info.plist */,
			);
			path = Superheroes;
			sourceTree = "<group>";
		};
		CF66F0A226C2772B0033FCFD /* Models */ = {
			isa = PBXGroup;
			children = (
				CF2D251D26B97F000096859B /* DataManager.swift */,
				CF2D251F26BAA2B80096859B /* SearchResultTableViewCell.swift */,
				CF2D252026BAA2B80096859B /* SearchResultTableViewCell.xib */,
				CF2D252326BAB3BA0096859B /* SuperheroModel.swift */,
			);
			path = Models;
			sourceTree = "<group>";
		};
		CF66F0A326C2773F0033FCFD /* Controllers */ = {
			isa = PBXGroup;
			children = (
				CF2D250D26B974D10096859B /* ViewController.swift */,
			);
			path = Controllers;
			sourceTree = "<group>";
		};
		CF66F0A426C2774F0033FCFD /* Views */ = {
			isa = PBXGroup;
			children = (
				CF2D250F26B974D10096859B /* Main.storyboard */,
			);
			path = Views;
			sourceTree = "<group>";
		};
/* End PBXGroup section */

/* Begin PBXNativeTarget section */
		CF2D250526B974D10096859B /* Superheroes */ = {
			isa = PBXNativeTarget;
			buildConfigurationList = CF2D251A26B974D30096859B /* Build configuration list for PBXNativeTarget "Superheroes" */;
			buildPhases = (
				CF2D250226B974D10096859B /* Sources */,
				CF2D250326B974D10096859B /* Frameworks */,
				CF2D250426B974D10096859B /* Resources */,
			);
			buildRules = (
			);
			dependencies = (
			);
			name = Superheroes;
			productName = Superheroes;
			productReference = CF2D250626B974D10096859B /* Superheroes.app */;
			productType = "com.apple.product-type.application";
		};
/* End PBXNativeTarget section */

/* Begin PBXProject section */
		CF2D24FE26B974D10096859B /* Project object */ = {
			isa = PBXProject;
			attributes = {
				LastSwiftUpdateCheck = 1250;
				LastUpgradeCheck = 1250;
				TargetAttributes = {
					CF2D250526B974D10096859B = {
						CreatedOnToolsVersion = 12.5;
					};
				};
			};
			buildConfigurationList = CF2D250126B974D10096859B /* Build configuration list for PBXProject "Superheroes" */;
			compatibilityVersion = "Xcode 9.3";
			developmentRegion = en;
			hasScannedForEncodings = 0;
			knownRegions = (
				en,
				Base,
			);
			mainGroup = CF2D24FD26B974D10096859B;
			productRefGroup = CF2D250726B974D10096859B /* Products */;
			projectDirPath = "";
			projectRoot = "";
			targets = (
				CF2D250526B974D10096859B /* Superheroes */,
			);
		};
/* End PBXProject section */

/* Begin PBXResourcesBuildPhase section */
		CF2D250426B974D10096859B /* Resources */ = {
			isa = PBXResourcesBuildPhase;
			buildActionMask = 2147483647;
			files = (
				CF2D251626B974D30096859B /* LaunchScreen.storyboard in Resources */,
				CF2D251326B974D30096859B /* Assets.xcassets in Resources */,
				CF2D252226BAA2B80096859B /* SearchResultTableViewCell.xib in Resources */,
				CF2D251126B974D10096859B /* Main.storyboard in Resources */,
			);
			runOnlyForDeploymentPostprocessing = 0;
		};
/* End PBXResourcesBuildPhase section */

/* Begin PBXSourcesBuildPhase section */
		CF2D250226B974D10096859B /* Sources */ = {
			isa = PBXSourcesBuildPhase;
			buildActionMask = 2147483647;
			files = (
				CF2D250E26B974D10096859B /* ViewController.swift in Sources */,
				CF2D252126BAA2B80096859B /* SearchResultTableViewCell.swift in Sources */,
				CF2D250A26B974D10096859B /* AppDelegate.swift in Sources */,
				CF2D252426BAB3BA0096859B /* SuperheroModel.swift in Sources */,
				CF2D250C26B974D10096859B /* SceneDelegate.swift in Sources */,
				CF2D251E26B97F000096859B /* DataManager.swift in Sources */,
			);
			runOnlyForDeploymentPostprocessing = 0;
		};
/* End PBXSourcesBuildPhase section */

/* Begin PBXVariantGroup section */
		CF2D250F26B974D10096859B /* Main.storyboard */ = {
			isa = PBXVariantGroup;
			children = (
				CF2D251026B974D10096859B /* Base */,
			);
			name = Main.storyboard;
			sourceTree = "<group>";
		};
		CF2D251426B974D30096859B /* LaunchScreen.storyboard */ = {
			isa = PBXVariantGroup;
			children = (
				CF2D251526B974D30096859B /* Base */,
			);
			name = LaunchScreen.storyboard;
			sourceTree = "<group>";
		};
/* End PBXVariantGroup section */

/* Begin XCBuildConfiguration section */
		CF2D251826B974D30096859B /* Debug */ = {
			isa = XCBuildConfiguration;
			buildSettings = {
				ALWAYS_SEARCH_USER_PATHS = NO;
				CLANG_ANALYZER_NONNULL = YES;
				CLANG_ANALYZER_NUMBER_OBJECT_CONVERSION = YES_AGGRESSIVE;
				CLANG_CXX_LANGUAGE_STANDARD = "gnu++14";
				CLANG_CXX_LIBRARY = "libc++";
				CLANG_ENABLE_MODULES = YES;
				CLANG_ENABLE_OBJC_ARC = YES;
				CLANG_ENABLE_OBJC_WEAK = YES;
				CLANG_WARN_BLOCK_CAPTURE_AUTORELEASING = YES;
				CLANG_WARN_BOOL_CONVERSION = YES;
				CLANG_WARN_COMMA = YES;
				CLANG_WARN_CONSTANT_CONVERSION = YES;
				CLANG_WARN_DEPRECATED_OBJC_IMPLEMENTATIONS = YES;
				CLANG_WARN_DIRECT_OBJC_ISA_USAGE = YES_ERROR;
				CLANG_WARN_DOCUMENTATION_COMMENTS = YES;
				CLANG_WARN_EMPTY_BODY = YES;
				CLANG_WARN_ENUM_CONVERSION = YES;
				CLANG_WARN_INFINITE_RECURSION = YES;
				CLANG_WARN_INT_CONVERSION = YES;
				CLANG_WARN_NON_LITERAL_NULL_CONVERSION = YES;
				CLANG_WARN_OBJC_IMPLICIT_RETAIN_SELF = YES;
				CLANG_WARN_OBJC_LITERAL_CONVERSION = YES;
				CLANG_WARN_OBJC_ROOT_CLASS = YES_ERROR;
				CLANG_WARN_QUOTED_INCLUDE_IN_FRAMEWORK_HEADER = YES;
				CLANG_WARN_RANGE_LOOP_ANALYSIS = YES;
				CLANG_WARN_STRICT_PROTOTYPES = YES;
				CLANG_WARN_SUSPICIOUS_MOVE = YES;
				CLANG_WARN_UNGUARDED_AVAILABILITY = YES_AGGRESSIVE;
				CLANG_WARN_UNREACHABLE_CODE = YES;
				CLANG_WARN__DUPLICATE_METHOD_MATCH = YES;
				COPY_PHASE_STRIP = NO;
				DEBUG_INFORMATION_FORMAT = dwarf;
				ENABLE_STRICT_OBJC_MSGSEND = YES;
				ENABLE_TESTABILITY = YES;
				GCC_C_LANGUAGE_STANDARD = gnu11;
				GCC_DYNAMIC_NO_PIC = NO;
				GCC_NO_COMMON_BLOCKS = YES;
				GCC_OPTIMIZATION_LEVEL = 0;
				GCC_PREPROCESSOR_DEFINITIONS = (
					"DEBUG=1",
					"$(inherited)",
				);
				GCC_WARN_64_TO_32_BIT_CONVERSION = YES;
				GCC_WARN_ABOUT_RETURN_TYPE = YES_ERROR;
				GCC_WARN_UNDECLARED_SELECTOR = YES;
				GCC_WARN_UNINITIALIZED_AUTOS = YES_AGGRESSIVE;
				GCC_WARN_UNUSED_FUNCTION = YES;
				GCC_WARN_UNUSED_VARIABLE = YES;
				IPHONEOS_DEPLOYMENT_TARGET = 14.5;
				MTL_ENABLE_DEBUG_INFO = INCLUDE_SOURCE;
				MTL_FAST_MATH = YES;
				ONLY_ACTIVE_ARCH = YES;
				SDKROOT = iphoneos;
				SWIFT_ACTIVE_COMPILATION_CONDITIONS = DEBUG;
				SWIFT_OPTIMIZATION_LEVEL = "-Onone";
			};
			name = Debug;
		};
		CF2D251926B974D30096859B /* Release */ = {
			isa = XCBuildConfiguration;
			buildSettings = {
				ALWAYS_SEARCH_USER_PATHS = NO;
				CLANG_ANALYZER_NONNULL = YES;
				CLANG_ANALYZER_NUMBER_OBJECT_CONVERSION = YES_AGGRESSIVE;
				CLANG_CXX_LANGUAGE_STANDARD = "gnu++14";
				CLANG_CXX_LIBRARY = "libc++";
				CLANG_ENABLE_MODULES = YES;
				CLANG_ENABLE_OBJC_ARC = YES;
				CLANG_ENABLE_OBJC_WEAK = YES;
				CLANG_WARN_BLOCK_CAPTURE_AUTORELEASING = YES;
				CLANG_WARN_BOOL_CONVERSION = YES;
				CLANG_WARN_COMMA = YES;
				CLANG_WARN_CONSTANT_CONVERSION = YES;
				CLANG_WARN_DEPRECATED_OBJC_IMPLEMENTATIONS = YES;
				CLANG_WARN_DIRECT_OBJC_ISA_USAGE = YES_ERROR;
				CLANG_WARN_DOCUMENTATION_COMMENTS = YES;
				CLANG_WARN_EMPTY_BODY = YES;
				CLANG_WARN_ENUM_CONVERSION = YES;
				CLANG_WARN_INFINITE_RECURSION = YES;
				CLANG_WARN_INT_CONVERSION = YES;
				CLANG_WARN_NON_LITERAL_NULL_CONVERSION = YES;
				CLANG_WARN_OBJC_IMPLICIT_RETAIN_SELF = YES;
				CLANG_WARN_OBJC_LITERAL_CONVERSION = YES;
				CLANG_WARN_OBJC_ROOT_CLASS = YES_ERROR;
				CLANG_WARN_QUOTED_INCLUDE_IN_FRAMEWORK_HEADER = YES;
				CLANG_WARN_RANGE_LOOP_ANALYSIS = YES;
				CLANG_WARN_STRICT_PROTOTYPES = YES;
				CLANG_WARN_SUSPICIOUS_MOVE = YES;
				CLANG_WARN_UNGUARDED_AVAILABILITY = YES_AGGRESSIVE;
				CLANG_WARN_UNREACHABLE_CODE = YES;
				CLANG_WARN__DUPLICATE_METHOD_MATCH = YES;
				COPY_PHASE_STRIP = NO;
				DEBUG_INFORMATION_FORMAT = "dwarf-with-dsym";
				ENABLE_NS_ASSERTIONS = NO;
				ENABLE_STRICT_OBJC_MSGSEND = YES;
				GCC_C_LANGUAGE_STANDARD = gnu11;
				GCC_NO_COMMON_BLOCKS = YES;
				GCC_WARN_64_TO_32_BIT_CONVERSION = YES;
				GCC_WARN_ABOUT_RETURN_TYPE = YES_ERROR;
				GCC_WARN_UNDECLARED_SELECTOR = YES;
				GCC_WARN_UNINITIALIZED_AUTOS = YES_AGGRESSIVE;
				GCC_WARN_UNUSED_FUNCTION = YES;
				GCC_WARN_UNUSED_VARIABLE = YES;
				IPHONEOS_DEPLOYMENT_TARGET = 14.5;
				MTL_ENABLE_DEBUG_INFO = NO;
				MTL_FAST_MATH = YES;
				SDKROOT = iphoneos;
				SWIFT_COMPILATION_MODE = wholemodule;
				SWIFT_OPTIMIZATION_LEVEL = "-O";
				VALIDATE_PRODUCT = YES;
			};
			name = Release;
		};
		CF2D251B26B974D30096859B /* Debug */ = {
			isa = XCBuildConfiguration;
			buildSettings = {
				ASSETCATALOG_COMPILER_APPICON_NAME = AppIcon;
				ASSETCATALOG_COMPILER_GLOBAL_ACCENT_COLOR_NAME = AccentColor;
				CODE_SIGN_STYLE = Automatic;
				DEVELOPMENT_TEAM = 9284LQF7F3;
				INFOPLIST_FILE = Superheroes/Info.plist;
				LD_RUNPATH_SEARCH_PATHS = (
					"$(inherited)",
					"@executable_path/Frameworks",
				);
				PRODUCT_BUNDLE_IDENTIFIER = Polina.Superheroes;
				PRODUCT_NAME = "$(TARGET_NAME)";
				SWIFT_VERSION = 5.0;
				TARGETED_DEVICE_FAMILY = "1,2";
			};
			name = Debug;
		};
		CF2D251C26B974D30096859B /* Release */ = {
			isa = XCBuildConfiguration;
			buildSettings = {
				ASSETCATALOG_COMPILER_APPICON_NAME = AppIcon;
				ASSETCATALOG_COMPILER_GLOBAL_ACCENT_COLOR_NAME = AccentColor;
				CODE_SIGN_STYLE = Automatic;
				DEVELOPMENT_TEAM = 9284LQF7F3;
				INFOPLIST_FILE = Superheroes/Info.plist;
				LD_RUNPATH_SEARCH_PATHS = (
					"$(inherited)",
					"@executable_path/Frameworks",
				);
				PRODUCT_BUNDLE_IDENTIFIER = Polina.Superheroes;
				PRODUCT_NAME = "$(TARGET_NAME)";
				SWIFT_VERSION = 5.0;
				TARGETED_DEVICE_FAMILY = "1,2";
			};
			name = Release;
		};
/* End XCBuildConfiguration section */

/* Begin XCConfigurationList section */
		CF2D250126B974D10096859B /* Build configuration list for PBXProject "Superheroes" */ = {
			isa = XCConfigurationList;
			buildConfigurations = (
				CF2D251826B974D30096859B /* Debug */,
				CF2D251926B974D30096859B /* Release */,
			);
			defaultConfigurationIsVisible = 0;
			defaultConfigurationName = Release;
		};
		CF2D251A26B974D30096859B /* Build configuration list for PBXNativeTarget "Superheroes" */ = {
			isa = XCConfigurationList;
			buildConfigurations = (
				CF2D251B26B974D30096859B /* Debug */,
				CF2D251C26B974D30096859B /* Release */,
			);
			defaultConfigurationIsVisible = 0;
			defaultConfigurationName = Release;
		};
/* End XCConfigurationList section */
	};
	rootObject = CF2D24FE26B974D10096859B /* Project object */;
}
